Microsoft Visual Studio Solution File, Format Version 12.00
# Visual Studio Version 17
VisualStudioVersion = 17.5.2.0
MinimumVisualStudioVersion = 10.0.40219.1
Project("{FAE04EC0-301F-11D3-BF4B-00C04F79EFBC}") = "VaygoTech", "VaygoTech.csproj", "{29921F20-398C-FB8C-E6E5-DB72774ADDC0}"
EndProject
Global
	GlobalSection(SolutionConfigurationPlatforms) = preSolution
		Debug|Any CPU = Debug|Any CPU
		Release|Any CPU = Release|Any CPU
	EndGlobalSection
	GlobalSection(ProjectConfigurationPlatforms) = postSolution
		{29921F20-398C-FB8C-E6E5-DB72774ADDC0}.Debug|Any CPU.ActiveCfg = Debug|Any CPU
		{29921F20-398C-FB8C-E6E5-DB72774ADDC0}.Debug|Any CPU.Build.0 = Debug|Any CPU
		{29921F20-398C-FB8C-E6E5-DB72774ADDC0}.Release|Any CPU.ActiveCfg = Release|Any CPU
		{29921F20-398C-FB8C-E6E5-DB72774ADDC0}.Release|Any CPU.Build.0 = Release|Any CPU
	EndGlobalSection
	GlobalSection(SolutionProperties) = preSolution
		HideSolutionNode = FALSE
	EndGlobalSection
	GlobalSection(ExtensibilityGlobals) = postSolution
		SolutionGuid = {D0153F1C-4DC7-462D-9952-5C56313F75FD}
	EndGlobalSection
EndGlobal
